
Microsoft Visual Studio Solution File, Format Version 12.00
# Visual Studio Version 17
VisualStudioVersion = 17.8.34601.278
MinimumVisualStudioVersion = 10.0.40219.1
Project("{9A19103F-16F7-4668-BE54-9A1E7A4F7556}") = "Booking", "Booking\Booking.csproj", "{B284D729-6688-44EE-B122-B03C843997CB}"
EndProject
Project("{9A19103F-16F7-4668-BE54-9A1E7A4F7556}") = "Domain", "Domain\Domain.csproj", "{04A406E2-80A6-46F9-8F3B-E34F76192D6B}"
EndProject
Project("{9A19103F-16F7-4668-BE54-9A1E7A4F7556}") = "Infrastructure", "Infrastructure\Infrastructure.csproj", "{870D0AA6-C712-41E4-B79A-362D35C42524}"
EndProject
Project("{FAE04EC0-301F-11D3-BF4B-00C04F79EFBC}") = "Helpers", "Helpers\Helpers.csproj", "{77175BE0-02A0-44BD-8848-E9AB251CCACE}"
EndProject
Global
	GlobalSection(SolutionConfigurationPlatforms) = preSolution
		Debug|Any CPU = Debug|Any CPU
		Release|Any CPU = Release|Any CPU
	EndGlobalSection
	GlobalSection(ProjectConfigurationPlatforms) = postSolution
		{B284D729-6688-44EE-B122-B03C843997CB}.Debug|Any CPU.ActiveCfg = Debug|Any CPU
		{B284D729-6688-44EE-B122-B03C843997CB}.Debug|Any CPU.Build.0 = Debug|Any CPU
		{B284D729-6688-44EE-B122-B03C843997CB}.Release|Any CPU.ActiveCfg = Release|Any CPU
		{B284D729-6688-44EE-B122-B03C843997CB}.Release|Any CPU.Build.0 = Release|Any CPU
		{04A406E2-80A6-46F9-8F3B-E34F76192D6B}.Debug|Any CPU.ActiveCfg = Debug|Any CPU
		{04A406E2-80A6-46F9-8F3B-E34F76192D6B}.Debug|Any CPU.Build.0 = Debug|Any CPU
		{04A406E2-80A6-46F9-8F3B-E34F76192D6B}.Release|Any CPU.ActiveCfg = Release|Any CPU
		{04A406E2-80A6-46F9-8F3B-E34F76192D6B}.Release|Any CPU.Build.0 = Release|Any CPU
		{870D0AA6-C712-41E4-B79A-362D35C42524}.Debug|Any CPU.ActiveCfg = Debug|Any CPU
		{870D0AA6-C712-41E4-B79A-362D35C42524}.Debug|Any CPU.Build.0 = Debug|Any CPU
		{870D0AA6-C712-41E4-B79A-362D35C42524}.Release|Any CPU.ActiveCfg = Release|Any CPU
		{870D0AA6-C712-41E4-B79A-362D35C42524}.Release|Any CPU.Build.0 = Release|Any CPU
		{77175BE0-02A0-44BD-8848-E9AB251CCACE}.Debug|Any CPU.ActiveCfg = Debug|Any CPU
		{77175BE0-02A0-44BD-8848-E9AB251CCACE}.Debug|Any CPU.Build.0 = Debug|Any CPU
		{77175BE0-02A0-44BD-8848-E9AB251CCACE}.Release|Any CPU.ActiveCfg = Release|Any CPU
		{77175BE0-02A0-44BD-8848-E9AB251CCACE}.Release|Any CPU.Build.0 = Release|Any CPU
	EndGlobalSection
	GlobalSection(SolutionProperties) = preSolution
		HideSolutionNode = FALSE
	EndGlobalSection
	GlobalSection(ExtensibilityGlobals) = postSolution
		SolutionGuid = {FE90FE55-DEE2-425C-9C14-E9630D5DB166}
	EndGlobalSection
EndGlobal
